// !$*UTF8*$!
{
	archiveVersion = 1;
	classes = {
	};
	objectVersion = 55;
	objects = {

/* Begin PBXBuildFile section */
		3CBE55FA283E6FE5006F1BEE /* AppDelegate.swift in Sources */ = {isa = PBXBuildFile; fileRef = 3CBE55F9283E6FE5006F1BEE /* AppDelegate.swift */; };
		3CBE55FC283E6FE5006F1BEE /* SceneDelegate.swift in Sources */ = {isa = PBXBuildFile; fileRef = 3CBE55FB283E6FE5006F1BEE /* SceneDelegate.swift */; };
		3CBE55FE283E6FE5006F1BEE /* ViewController.swift in Sources */ = {isa = PBXBuildFile; fileRef = 3CBE55FD283E6FE5006F1BEE /* ViewController.swift */; };
		3CBE5601283E6FE5006F1BEE /* Main.storyboard in Resources */ = {isa = PBXBuildFile; fileRef = 3CBE55FF283E6FE5006F1BEE /* Main.storyboard */; };
		3CBE5603283E6FE6006F1BEE /* Assets.xcassets in Resources */ = {isa = PBXBuildFile; fileRef = 3CBE5602283E6FE6006F1BEE /* Assets.xcassets */; };
		3CBE5606283E6FE6006F1BEE /* LaunchScreen.storyboard in Resources */ = {isa = PBXBuildFile; fileRef = 3CBE5604283E6FE6006F1BEE /* LaunchScreen.storyboard */; };
		3CBE560F283E70E0006F1BEE /* User.swift in Sources */ = {isa = PBXBuildFile; fileRef = 3CBE560E283E70E0006F1BEE /* User.swift */; };
		3CBE5612283E717E006F1BEE /* ConfigureCell.swift in Sources */ = {isa = PBXBuildFile; fileRef = 3CBE5611283E717E006F1BEE /* ConfigureCell.swift */; };
		3CBE5616283E725C006F1BEE /* DetailInfoViewController.swift in Sources */ = {isa = PBXBuildFile; fileRef = 3CBE5615283E725C006F1BEE /* DetailInfoViewController.swift */; };
		A2F75DFE5AE0971FDDDC6C42 /* Pods_FinalProject.framework in Frameworks */ = {isa = PBXBuildFile; fileRef = 9154A1DA1A172A1B1F1CB664 /* Pods_FinalProject.framework */; };
/* End PBXBuildFile section */

/* Begin PBXFileReference section */
		3CBE55F6283E6FE5006F1BEE /* FinalProject.app */ = {isa = PBXFileReference; explicitFileType = wrapper.application; includeInIndex = 0; path = FinalProject.app; sourceTree = BUILT_PRODUCTS_DIR; };
		3CBE55F9283E6FE5006F1BEE /* AppDelegate.swift */ = {isa = PBXFileReference; lastKnownFileType = sourcecode.swift; path = AppDelegate.swift; sourceTree = "<group>"; };
		3CBE55FB283E6FE5006F1BEE /* SceneDelegate.swift */ = {isa = PBXFileReference; lastKnownFileType = sourcecode.swift; path = SceneDelegate.swift; sourceTree = "<group>"; };
		3CBE55FD283E6FE5006F1BEE /* ViewController.swift */ = {isa = PBXFileReference; lastKnownFileType = sourcecode.swift; path = ViewController.swift; sourceTree = "<group>"; };
		3CBE5600283E6FE5006F1BEE /* Base */ = {isa = PBXFileReference; lastKnownFileType = file.storyboard; name = Base; path = Base.lproj/Main.storyboard; sourceTree = "<group>"; };
		3CBE5602283E6FE6006F1BEE /* Assets.xcassets */ = {isa = PBXFileReference; lastKnownFileType = folder.assetcatalog; path = Assets.xcassets; sourceTree = "<group>"; };
		3CBE5605283E6FE6006F1BEE /* Base */ = {isa = PBXFileReference; lastKnownFileType = file.storyboard; name = Base; path = Base.lproj/LaunchScreen.storyboard; sourceTree = "<group>"; };
		3CBE5607283E6FE6006F1BEE /* Info.plist */ = {isa = PBXFileReference; lastKnownFileType = text.plist.xml; path = Info.plist; sourceTree = "<group>"; };
		3CBE560E283E70E0006F1BEE /* User.swift */ = {isa = PBXFileReference; lastKnownFileType = sourcecode.swift; path = User.swift; sourceTree = "<group>"; };
		3CBE5611283E717E006F1BEE /* ConfigureCell.swift */ = {isa = PBXFileReference; lastKnownFileType = sourcecode.swift; path = ConfigureCell.swift; sourceTree = "<group>"; };
		3CBE5615283E725C006F1BEE /* DetailInfoViewController.swift */ = {isa = PBXFileReference; lastKnownFileType = sourcecode.swift; path = DetailInfoViewController.swift; sourceTree = "<group>"; };
		9154A1DA1A172A1B1F1CB664 /* Pods_FinalProject.framework */ = {isa = PBXFileReference; explicitFileType = wrapper.framework; includeInIndex = 0; path = Pods_FinalProject.framework; sourceTree = BUILT_PRODUCTS_DIR; };
		CF549066E18F3ADC76292A44 /* Pods-FinalProject.release.xcconfig */ = {isa = PBXFileReference; includeInIndex = 1; lastKnownFileType = text.xcconfig; name = "Pods-FinalProject.release.xcconfig"; path = "Target Support Files/Pods-FinalProject/Pods-FinalProject.release.xcconfig"; sourceTree = "<group>"; };
		D5B28CA143B0C717640252AD /* Pods-FinalProject.debug.xcconfig */ = {isa = PBXFileReference; includeInIndex = 1; lastKnownFileType = text.xcconfig; name = "Pods-FinalProject.debug.xcconfig"; path = "Target Support Files/Pods-FinalProject/Pods-FinalProject.debug.xcconfig"; sourceTree = "<group>"; };
/* End PBXFileReference section */

/* Begin PBXFrameworksBuildPhase section */
		3CBE55F3283E6FE5006F1BEE /* Frameworks */ = {
			isa = PBXFrameworksBuildPhase;
			buildActionMask = 2147483647;
			files = (
				A2F75DFE5AE0971FDDDC6C42 /* Pods_FinalProject.framework in Frameworks */,
			);
			runOnlyForDeploymentPostprocessing = 0;
		};
/* End PBXFrameworksBuildPhase section */

/* Begin PBXGroup section */
		3CBE55ED283E6FE5006F1BEE = {
			isa = PBXGroup;
			children = (
				3CBE55F8283E6FE5006F1BEE /* FinalProject */,
				3CBE55F7283E6FE5006F1BEE /* Products */,
				A22AC35D9DE035707A6CDFC6 /* Pods */,
				EF409513FD221B72EEB95642 /* Frameworks */,
			);
			sourceTree = "<group>";
		};
		3CBE55F7283E6FE5006F1BEE /* Products */ = {
			isa = PBXGroup;
			children = (
				3CBE55F6283E6FE5006F1BEE /* FinalProject.app */,
			);
			name = Products;
			sourceTree = "<group>";
		};
		3CBE55F8283E6FE5006F1BEE /* FinalProject */ = {
			isa = PBXGroup;
			children = (
				3CBE5614283E7219006F1BEE /* Application Layer */,
				3CBE5613283E720E006F1BEE /* Pages */,
				3CBE5610283E715B006F1BEE /* Cell */,
				3CBE560D283E70CC006F1BEE /* Model */,
				3CBE55FF283E6FE5006F1BEE /* Main.storyboard */,
				3CBE5602283E6FE6006F1BEE /* Assets.xcassets */,
				3CBE5604283E6FE6006F1BEE /* LaunchScreen.storyboard */,
				3CBE5607283E6FE6006F1BEE /* Info.plist */,
			);
			path = FinalProject;
			sourceTree = "<group>";
		};
		3CBE560D283E70CC006F1BEE /* Model */ = {
			isa = PBXGroup;
			children = (
				3CBE560E283E70E0006F1BEE /* User.swift */,
			);
			path = Model;
			sourceTree = "<group>";
		};
		3CBE5610283E715B006F1BEE /* Cell */ = {
			isa = PBXGroup;
			children = (
				3CBE5611283E717E006F1BEE /* ConfigureCell.swift */,
			);
			path = Cell;
			sourceTree = "<group>";
		};
		3CBE5613283E720E006F1BEE /* Pages */ = {
			isa = PBXGroup;
			children = (
				3CBE55FD283E6FE5006F1BEE /* ViewController.swift */,
				3CBE5615283E725C006F1BEE /* DetailInfoViewController.swift */,
			);
			path = Pages;
			sourceTree = "<group>";
		};
		3CBE5614283E7219006F1BEE /* Application Layer */ = {
			isa = PBXGroup;
			children = (
				3CBE55FB283E6FE5006F1BEE /* SceneDelegate.swift */,
				3CBE55F9283E6FE5006F1BEE /* AppDelegate.swift */,
			);
			path = "Application Layer";
			sourceTree = "<group>";
		};
		A22AC35D9DE035707A6CDFC6 /* Pods */ = {
			isa = PBXGroup;
			children = (
				D5B28CA143B0C717640252AD /* Pods-FinalProject.debug.xcconfig */,
				CF549066E18F3ADC76292A44 /* Pods-FinalProject.release.xcconfig */,
			);
			path = Pods;
			sourceTree = "<group>";
		};
		EF409513FD221B72EEB95642 /* Frameworks */ = {
			isa = PBXGroup;
			children = (
				9154A1DA1A172A1B1F1CB664 /* Pods_FinalProject.framework */,
			);
			name = Frameworks;
			sourceTree = "<group>";
		};
/* End PBXGroup section */

/* Begin PBXNativeTarget section */
		3CBE55F5283E6FE5006F1BEE /* FinalProject */ = {
			isa = PBXNativeTarget;
			buildConfigurationList = 3CBE560A283E6FE6006F1BEE /* Build configuration list for PBXNativeTarget "FinalProject" */;
			buildPhases = (
				FC4A78C964442B05229CC3D7 /* [CP] Check Pods Manifest.lock */,
				3CBE55F2283E6FE5006F1BEE /* Sources */,
				3CBE55F3283E6FE5006F1BEE /* Frameworks */,
				3CBE55F4283E6FE5006F1BEE /* Resources */,
				BFDE6D49E0EB177C70591B4E /* [CP] Embed Pods Frameworks */,
			);
			buildRules = (
			);
			dependencies = (
			);
			name = FinalProject;
			productName = FinalProject;
			productReference = 3CBE55F6283E6FE5006F1BEE /* FinalProject.app */;
			productType = "com.apple.product-type.application";
		};
/* End PBXNativeTarget section */

/* Begin PBXProject section */
		3CBE55EE283E6FE5006F1BEE /* Project object */ = {
			isa = PBXProject;
			attributes = {
				BuildIndependentTargetsInParallel = 1;
				LastSwiftUpdateCheck = 1330;
				LastUpgradeCheck = 1330;
				TargetAttributes = {
					3CBE55F5283E6FE5006F1BEE = {
						CreatedOnToolsVersion = 13.3;
					};
				};
			};
			buildConfigurationList = 3CBE55F1283E6FE5006F1BEE /* Build configuration list for PBXProject "FinalProject" */;
			compatibilityVersion = "Xcode 13.0";
			developmentRegion = en;
			hasScannedForEncodings = 0;
			knownRegions = (
				en,
				Base,
			);
			mainGroup = 3CBE55ED283E6FE5006F1BEE;
			productRefGroup = 3CBE55F7283E6FE5006F1BEE /* Products */;
			projectDirPath = "";
			projectRoot = "";
			targets = (
				3CBE55F5283E6FE5006F1BEE /* FinalProject */,
			);
		};
/* End PBXProject section */

/* Begin PBXResourcesBuildPhase section */
		3CBE55F4283E6FE5006F1BEE /* Resources */ = {
			isa = PBXResourcesBuildPhase;
			buildActionMask = 2147483647;
			files = (
				3CBE5606283E6FE6006F1BEE /* LaunchScreen.storyboard in Resources */,
				3CBE5603283E6FE6006F1BEE /* Assets.xcassets in Resources */,
				3CBE5601283E6FE5006F1BEE /* Main.storyboard in Resources */,
			);
			runOnlyForDeploymentPostprocessing = 0;
		};
/* End PBXResourcesBuildPhase section */

/* Begin PBXShellScriptBuildPhase section */
		BFDE6D49E0EB177C70591B4E /* [CP] Embed Pods Frameworks */ = {
			isa = PBXShellScriptBuildPhase;
			buildActionMask = 2147483647;
			files = (
			);
			inputFileListPaths = (
				"${PODS_ROOT}/Target Support Files/Pods-FinalProject/Pods-FinalProject-frameworks-${CONFIGURATION}-input-files.xcfilelist",
			);
			name = "[CP] Embed Pods Frameworks";
			outputFileListPaths = (
				"${PODS_ROOT}/Target Support Files/Pods-FinalProject/Pods-FinalProject-frameworks-${CONFIGURATION}-output-files.xcfilelist",
			);
			runOnlyForDeploymentPostprocessing = 0;
			shellPath = /bin/sh;
			shellScript = "\"${PODS_ROOT}/Target Support Files/Pods-FinalProject/Pods-FinalProject-frameworks.sh\"\n";
			showEnvVarsInLog = 0;
		};
		FC4A78C964442B05229CC3D7 /* [CP] Check Pods Manifest.lock */ = {
			isa = PBXShellScriptBuildPhase;
			buildActionMask = 2147483647;
			files = (
			);
			inputFileListPaths = (
			);
			inputPaths = (
				"${PODS_PODFILE_DIR_PATH}/Podfile.lock",
				"${PODS_ROOT}/Manifest.lock",
			);
			name = "[CP] Check Pods Manifest.lock";
			outputFileListPaths = (
			);
			outputPaths = (
				"$(DERIVED_FILE_DIR)/Pods-FinalProject-checkManifestLockResult.txt",
			);
			runOnlyForDeploymentPostprocessing = 0;
			shellPath = /bin/sh;
			shellScript = "diff \"${PODS_PODFILE_DIR_PATH}/Podfile.lock\" \"${PODS_ROOT}/Manifest.lock\" > /dev/null\nif [ $? != 0 ] ; then\n    # print error to STDERR\n    echo \"error: The sandbox is not in sync with the Podfile.lock. Run 'pod install' or update your CocoaPods installation.\" >&2\n    exit 1\nfi\n# This output is used by Xcode 'outputs' to avoid re-running this script phase.\necho \"SUCCESS\" > \"${SCRIPT_OUTPUT_FILE_0}\"\n";
			showEnvVarsInLog = 0;
		};
/* End PBXShellScriptBuildPhase section */

/* Begin PBXSourcesBuildPhase section */
		3CBE55F2283E6FE5006F1BEE /* Sources */ = {
			isa = PBXSourcesBuildPhase;
			buildActionMask = 2147483647;
			files = (
				3CBE5612283E717E006F1BEE /* ConfigureCell.swift in Sources */,
				3CBE560F283E70E0006F1BEE /* User.swift in Sources */,
				3CBE55FE283E6FE5006F1BEE /* ViewController.swift in Sources */,
				3CBE55FA283E6FE5006F1BEE /* AppDelegate.swift in Sources */,
				3CBE55FC283E6FE5006F1BEE /* SceneDelegate.swift in Sources */,
				3CBE5616283E725C006F1BEE /* DetailInfoViewController.swift in Sources */,
			);
			runOnlyForDeploymentPostprocessing = 0;
		};
/* End PBXSourcesBuildPhase section */

/* Begin PBXVariantGroup section */
		3CBE55FF283E6FE5006F1BEE /* Main.storyboard */ = {
			isa = PBXVariantGroup;
			children = (
				3CBE5600283E6FE5006F1BEE /* Base */,
			);
			name = Main.storyboard;
			sourceTree = "<group>";
		};
		3CBE5604283E6FE6006F1BEE /* LaunchScreen.storyboard */ = {
			isa = PBXVariantGroup;
			children = (
				3CBE5605283E6FE6006F1BEE /* Base */,
			);
			name = LaunchScreen.storyboard;
			sourceTree = "<group>";
		};
/* End PBXVariantGroup section */

/* Begin XCBuildConfiguration section */
		3CBE5608283E6FE6006F1BEE /* Debug */ = {
			isa = XCBuildConfiguration;
			buildSettings = {
				ALWAYS_SEARCH_USER_PATHS = NO;
				CLANG_ANALYZER_NONNULL = YES;
				CLANG_ANALYZER_NUMBER_OBJECT_CONVERSION = YES_AGGRESSIVE;
				CLANG_CXX_LANGUAGE_STANDARD = "gnu++17";
				CLANG_ENABLE_MODULES = YES;
				CLANG_ENABLE_OBJC_ARC = YES;
				CLANG_ENABLE_OBJC_WEAK = YES;
				CLANG_WARN_BLOCK_CAPTURE_AUTORELEASING = YES;
				CLANG_WARN_BOOL_CONVERSION = YES;
				CLANG_WARN_COMMA = YES;
				CLANG_WARN_CONSTANT_CONVERSION = YES;
				CLANG_WARN_DEPRECATED_OBJC_IMPLEMENTATIONS = YES;
				CLANG_WARN_DIRECT_OBJC_ISA_USAGE = YES_ERROR;
				CLANG_WARN_DOCUMENTATION_COMMENTS = YES;
				CLANG_WARN_EMPTY_BODY = YES;
				CLANG_WARN_ENUM_CONVERSION = YES;
				CLANG_WARN_INFINITE_RECURSION = YES;
				CLANG_WARN_INT_CONVERSION = YES;
				CLANG_WARN_NON_LITERAL_NULL_CONVERSION = YES;
				CLANG_WARN_OBJC_IMPLICIT_RETAIN_SELF = YES;
				CLANG_WARN_OBJC_LITERAL_CONVERSION = YES;
				CLANG_WARN_OBJC_ROOT_CLASS = YES_ERROR;
				CLANG_WARN_QUOTED_INCLUDE_IN_FRAMEWORK_HEADER = YES;
				CLANG_WARN_RANGE_LOOP_ANALYSIS = YES;
				CLANG_WARN_STRICT_PROTOTYPES = YES;
				CLANG_WARN_SUSPICIOUS_MOVE = YES;
				CLANG_WARN_UNGUARDED_AVAILABILITY = YES_AGGRESSIVE;
				CLANG_WARN_UNREACHABLE_CODE = YES;
				CLANG_WARN__DUPLICATE_METHOD_MATCH = YES;
				COPY_PHASE_STRIP = NO;
				DEBUG_INFORMATION_FORMAT = dwarf;
				ENABLE_STRICT_OBJC_MSGSEND = YES;
				ENABLE_TESTABILITY = YES;
				GCC_C_LANGUAGE_STANDARD = gnu11;
				GCC_DYNAMIC_NO_PIC = NO;
				GCC_NO_COMMON_BLOCKS = YES;
				GCC_OPTIMIZATION_LEVEL = 0;
				GCC_PREPROCESSOR_DEFINITIONS = (
					"DEBUG=1",
					"$(inherited)",
				);
				GCC_WARN_64_TO_32_BIT_CONVERSION = YES;
				GCC_WARN_ABOUT_RETURN_TYPE = YES_ERROR;
				GCC_WARN_UNDECLARED_SELECTOR = YES;
				GCC_WARN_UNINITIALIZED_AUTOS = YES_AGGRESSIVE;
				GCC_WARN_UNUSED_FUNCTION = YES;
				GCC_WARN_UNUSED_VARIABLE = YES;
				IPHONEOS_DEPLOYMENT_TARGET = 15.4;
				MTL_ENABLE_DEBUG_INFO = INCLUDE_SOURCE;
				MTL_FAST_MATH = YES;
				ONLY_ACTIVE_ARCH = YES;
				SDKROOT = iphoneos;
				SWIFT_ACTIVE_COMPILATION_CONDITIONS = DEBUG;
				SWIFT_OPTIMIZATION_LEVEL = "-Onone";
			};
			name = Debug;
		};
		3CBE5609283E6FE6006F1BEE /* Release */ = {
			isa = XCBuildConfiguration;
			buildSettings = {
				ALWAYS_SEARCH_USER_PATHS = NO;
				CLANG_ANALYZER_NONNULL = YES;
				CLANG_ANALYZER_NUMBER_OBJECT_CONVERSION = YES_AGGRESSIVE;
				CLANG_CXX_LANGUAGE_STANDARD = "gnu++17";
				CLANG_ENABLE_MODULES = YES;
				CLANG_ENABLE_OBJC_ARC = YES;
				CLANG_ENABLE_OBJC_WEAK = YES;
				CLANG_WARN_BLOCK_CAPTURE_AUTORELEASING = YES;
				CLANG_WARN_BOOL_CONVERSION = YES;
				CLANG_WARN_COMMA = YES;
				CLANG_WARN_CONSTANT_CONVERSION = YES;
				CLANG_WARN_DEPRECATED_OBJC_IMPLEMENTATIONS = YES;
				CLANG_WARN_DIRECT_OBJC_ISA_USAGE = YES_ERROR;
				CLANG_WARN_DOCUMENTATION_COMMENTS = YES;
				CLANG_WARN_EMPTY_BODY = YES;
				CLANG_WARN_ENUM_CONVERSION = YES;
				CLANG_WARN_INFINITE_RECURSION = YES;
				CLANG_WARN_INT_CONVERSION = YES;
				CLANG_WARN_NON_LITERAL_NULL_CONVERSION = YES;
				CLANG_WARN_OBJC_IMPLICIT_RETAIN_SELF = YES;
				CLANG_WARN_OBJC_LITERAL_CONVERSION = YES;
				CLANG_WARN_OBJC_ROOT_CLASS = YES_ERROR;
				CLANG_WARN_QUOTED_INCLUDE_IN_FRAMEWORK_HEADER = YES;
				CLANG_WARN_RANGE_LOOP_ANALYSIS = YES;
				CLANG_WARN_STRICT_PROTOTYPES = YES;
				CLANG_WARN_SUSPICIOUS_MOVE = YES;
				CLANG_WARN_UNGUARDED_AVAILABILITY = YES_AGGRESSIVE;
				CLANG_WARN_UNREACHABLE_CODE = YES;
				CLANG_WARN__DUPLICATE_METHOD_MATCH = YES;
				COPY_PHASE_STRIP = NO;
				DEBUG_INFORMATION_FORMAT = "dwarf-with-dsym";
				ENABLE_NS_ASSERTIONS = NO;
				ENABLE_STRICT_OBJC_MSGSEND = YES;
				GCC_C_LANGUAGE_STANDARD = gnu11;
				GCC_NO_COMMON_BLOCKS = YES;
				GCC_WARN_64_TO_32_BIT_CONVERSION = YES;
				GCC_WARN_ABOUT_RETURN_TYPE = YES_ERROR;
				GCC_WARN_UNDECLARED_SELECTOR = YES;
				GCC_WARN_UNINITIALIZED_AUTOS = YES_AGGRESSIVE;
				GCC_WARN_UNUSED_FUNCTION = YES;
				GCC_WARN_UNUSED_VARIABLE = YES;
				IPHONEOS_DEPLOYMENT_TARGET = 15.4;
				MTL_ENABLE_DEBUG_INFO = NO;
				MTL_FAST_MATH = YES;
				SDKROOT = iphoneos;
				SWIFT_COMPILATION_MODE = wholemodule;
				SWIFT_OPTIMIZATION_LEVEL = "-O";
				VALIDATE_PRODUCT = YES;
			};
			name = Release;
		};
		3CBE560B283E6FE6006F1BEE /* Debug */ = {
			isa = XCBuildConfiguration;
			baseConfigurationReference = D5B28CA143B0C717640252AD /* Pods-FinalProject.debug.xcconfig */;
			buildSettings = {
				ASSETCATALOG_COMPILER_APPICON_NAME = AppIcon;
				ASSETCATALOG_COMPILER_GLOBAL_ACCENT_COLOR_NAME = AccentColor;
				CODE_SIGN_STYLE = Automatic;
				CURRENT_PROJECT_VERSION = 1;
				DEVELOPMENT_TEAM = PKBQP4R9X9;
				GENERATE_INFOPLIST_FILE = YES;
				INFOPLIST_FILE = FinalProject/Info.plist;
				INFOPLIST_KEY_UIApplicationSupportsIndirectInputEvents = YES;
				INFOPLIST_KEY_UILaunchStoryboardName = LaunchScreen;
				INFOPLIST_KEY_UIMainStoryboardFile = Main;
				INFOPLIST_KEY_UISupportedInterfaceOrientations_iPad = "UIInterfaceOrientationPortrait UIInterfaceOrientationPortraitUpsideDown UIInterfaceOrientationLandscapeLeft UIInterfaceOrientationLandscapeRight";
				INFOPLIST_KEY_UISupportedInterfaceOrientations_iPhone = "UIInterfaceOrientationPortrait UIInterfaceOrientationLandscapeLeft UIInterfaceOrientationLandscapeRight";
				LD_RUNPATH_SEARCH_PATHS = (
					"$(inherited)",
					"@executable_path/Frameworks",
				);
				MARKETING_VERSION = 1.0;
				PRODUCT_BUNDLE_IDENTIFIER = akniyet.swift.FinalProject;
				PRODUCT_NAME = "$(TARGET_NAME)";
				SWIFT_EMIT_LOC_STRINGS = YES;
				SWIFT_VERSION = 5.0;
				TARGETED_DEVICE_FAMILY = "1,2";
			};
			name = Debug;
		};
		3CBE560C283E6FE6006F1BEE /* Release */ = {
			isa = XCBuildConfiguration;
			baseConfigurationReference = CF549066E18F3ADC76292A44 /* Pods-FinalProject.release.xcconfig */;
			buildSettings = {
				ASSETCATALOG_COMPILER_APPICON_NAME = AppIcon;
				ASSETCATALOG_COMPILER_GLOBAL_ACCENT_COLOR_NAME = AccentColor;
				CODE_SIGN_STYLE = Automatic;
				CURRENT_PROJECT_VERSION = 1;
				DEVELOPMENT_TEAM = PKBQP4R9X9;
				GENERATE_INFOPLIST_FILE = YES;
				INFOPLIST_FILE = FinalProject/Info.plist;
				INFOPLIST_KEY_UIApplicationSupportsIndirectInputEvents = YES;
				INFOPLIST_KEY_UILaunchStoryboardName = LaunchScreen;
				INFOPLIST_KEY_UIMainStoryboardFile = Main;
				INFOPLIST_KEY_UISupportedInterfaceOrientations_iPad = "UIInterfaceOrientationPortrait UIInterfaceOrientationPortraitUpsideDown UIInterfaceOrientationLandscapeLeft UIInterfaceOrientationLandscapeRight";
				INFOPLIST_KEY_UISupportedInterfaceOrientations_iPhone = "UIInterfaceOrientationPortrait UIInterfaceOrientationLandscapeLeft UIInterfaceOrientationLandscapeRight";
				LD_RUNPATH_SEARCH_PATHS = (
					"$(inherited)",
					"@executable_path/Frameworks",
				);
				MARKETING_VERSION = 1.0;
				PRODUCT_BUNDLE_IDENTIFIER = akniyet.swift.FinalProject;
				PRODUCT_NAME = "$(TARGET_NAME)";
				SWIFT_EMIT_LOC_STRINGS = YES;
				SWIFT_VERSION = 5.0;
				TARGETED_DEVICE_FAMILY = "1,2";
			};
			name = Release;
		};
/* End XCBuildConfiguration section */

/* Begin XCConfigurationList section */
		3CBE55F1283E6FE5006F1BEE /* Build configuration list for PBXProject "FinalProject" */ = {
			isa = XCConfigurationList;
			buildConfigurations = (
				3CBE5608283E6FE6006F1BEE /* Debug */,
				3CBE5609283E6FE6006F1BEE /* Release */,
			);
			defaultConfigurationIsVisible = 0;
			defaultConfigurationName = Release;
		};
		3CBE560A283E6FE6006F1BEE /* Build configuration list for PBXNativeTarget "FinalProject" */ = {
			isa = XCConfigurationList;
			buildConfigurations = (
				3CBE560B283E6FE6006F1BEE /* Debug */,
				3CBE560C283E6FE6006F1BEE /* Release */,
			);
			defaultConfigurationIsVisible = 0;
			defaultConfigurationName = Release;
		};
/* End XCConfigurationList section */
	};
	rootObject = 3CBE55EE283E6FE5006F1BEE /* Project object */;
}
